
Microsoft Visual Studio Solution File, Format Version 12.00
# Visual Studio Version 16
VisualStudioVersion = 16.0.30204.135
MinimumVisualStudioVersion = 10.0.40219.1
Project("{9A19103F-16F7-4668-BE54-9A1E7A4F7556}") = "Helloworld", "Helloworld\Helloworld.csproj", "{BAAC18A5-0E34-4820-BD15-F940F0F82FC8}"
EndProject
Global
	GlobalSection(SolutionConfigurationPlatforms) = preSolution
		Debug|Any CPU = Debug|Any CPU
		Release|Any CPU = Release|Any CPU
	EndGlobalSection
	GlobalSection(ProjectConfigurationPlatforms) = postSolution
		{BAAC18A5-0E34-4820-BD15-F940F0F82FC8}.Debug|Any CPU.ActiveCfg = Debug|Any CPU
		{BAAC18A5-0E34-4820-BD15-F940F0F82FC8}.Debug|Any CPU.Build.0 = Debug|Any CPU
		{BAAC18A5-0E34-4820-BD15-F940F0F82FC8}.Release|Any CPU.ActiveCfg = Release|Any CPU
		{BAAC18A5-0E34-4820-BD15-F940F0F82FC8}.Release|Any CPU.Build.0 = Release|Any CPU
	EndGlobalSection
	GlobalSection(SolutionProperties) = preSolution
		HideSolutionNode = FALSE
	EndGlobalSection
	GlobalSection(ExtensibilityGlobals) = postSolution
		SolutionGuid = {40774848-ADFE-4B11-81B7-8964F1E707F1}
	EndGlobalSection
EndGlobal
